
Microsoft Visual Studio Solution File, Format Version 12.00
# Visual Studio Version 16
VisualStudioVersion = 16.0.29009.5
MinimumVisualStudioVersion = 10.0.40219.1
Project("{FAE04EC0-301F-11D3-BF4B-00C04F79EFBC}") = "app01_consultarCEP.UWP", "app01_consultarCEP\app01_consultarCEP.UWP\app01_consultarCEP.UWP.csproj", "{1AACC96D-D50D-43FA-BD88-08B8608866A7}"
EndProject
Project("{FAE04EC0-301F-11D3-BF4B-00C04F79EFBC}") = "app01_consultarCEP.Android", "app01_consultarCEP\app01_consultarCEP.Android\app01_consultarCEP.Android.csproj", "{1AEA98E2-C604-4586-9456-F6E457653FD1}"
EndProject
Project("{FAE04EC0-301F-11D3-BF4B-00C04F79EFBC}") = "app01_consultarCEP.iOS", "app01_consultarCEP\app01_consultarCEP.iOS\app01_consultarCEP.iOS.csproj", "{E3C8B3A3-CCDE-4D14-8BD0-4B1B73F029D5}"
EndProject
Project("{FAE04EC0-301F-11D3-BF4B-00C04F79EFBC}") = "app01_consultarCEP", "app01_consultarCEP\app01_consultarCEP\app01_consultarCEP.csproj", "{D12EECF9-5250-4573-B45B-0CCE79369B9A}"
EndProject
Global
	GlobalSection(SolutionConfigurationPlatforms) = preSolution
		Debug|Any CPU = Debug|Any CPU
		Debug|ARM = Debug|ARM
		Debug|iPhone = Debug|iPhone
		Debug|iPhoneSimulator = Debug|iPhoneSimulator
		Debug|x64 = Debug|x64
		Debug|x86 = Debug|x86
		Release|Any CPU = Release|Any CPU
		Release|ARM = Release|ARM
		Release|iPhone = Release|iPhone
		Release|iPhoneSimulator = Release|iPhoneSimulator
		Release|x64 = Release|x64
		Release|x86 = Release|x86
	EndGlobalSection
	GlobalSection(ProjectConfigurationPlatforms) = postSolution
		{1AACC96D-D50D-43FA-BD88-08B8608866A7}.Debug|Any CPU.ActiveCfg = Debug|x86
		{1AACC96D-D50D-43FA-BD88-08B8608866A7}.Debug|Any CPU.Build.0 = Debug|x86
		{1AACC96D-D50D-43FA-BD88-08B8608866A7}.Debug|Any CPU.Deploy.0 = Debug|x86
		{1AACC96D-D50D-43FA-BD88-08B8608866A7}.Debug|ARM.ActiveCfg = Debug|ARM
		{1AACC96D-D50D-43FA-BD88-08B8608866A7}.Debug|ARM.Build.0 = Debug|ARM
		{1AACC96D-D50D-43FA-BD88-08B8608866A7}.Debug|ARM.Deploy.0 = Debug|ARM
		{1AACC96D-D50D-43FA-BD88-08B8608866A7}.Debug|iPhone.ActiveCfg = Debug|x86
		{1AACC96D-D50D-43FA-BD88-08B8608866A7}.Debug|iPhone.Build.0 = Debug|x86
		{1AACC96D-D50D-43FA-BD88-08B8608866A7}.Debug|iPhone.Deploy.0 = Debug|x86
		{1AACC96D-D50D-43FA-BD88-08B8608866A7}.Debug|iPhoneSimulator.ActiveCfg = Debug|x86
		{1AACC96D-D50D-43FA-BD88-08B8608866A7}.Debug|iPhoneSimulator.Build.0 = Debug|x86
		{1AACC96D-D50D-43FA-BD88-08B8608866A7}.Debug|iPhoneSimulator.Deploy.0 = Debug|x86
		{1AACC96D-D50D-43FA-BD88-08B8608866A7}.Debug|x64.ActiveCfg = Debug|x64
		{1AACC96D-D50D-43FA-BD88-08B8608866A7}.Debug|x64.Build.0 = Debug|x64
		{1AACC96D-D50D-43FA-BD88-08B8608866A7}.Debug|x64.Deploy.0 = Debug|x64
		{1AACC96D-D50D-43FA-BD88-08B8608866A7}.Debug|x86.ActiveCfg = Debug|x86
		{1AACC96D-D50D-43FA-BD88-08B8608866A7}.Debug|x86.Build.0 = Debug|x86
		{1AACC96D-D50D-43FA-BD88-08B8608866A7}.Debug|x86.Deploy.0 = Debug|x86
		{1AACC96D-D50D-43FA-BD88-08B8608866A7}.Release|Any CPU.ActiveCfg = Release|x86
		{1AACC96D-D50D-43FA-BD88-08B8608866A7}.Release|Any CPU.Build.0 = Release|x86
		{1AACC96D-D50D-43FA-BD88-08B8608866A7}.Release|Any CPU.Deploy.0 = Release|x86
		{1AACC96D-D50D-43FA-BD88-08B8608866A7}.Release|ARM.ActiveCfg = Release|ARM
		{1AACC96D-D50D-43FA-BD88-08B8608866A7}.Release|ARM.Build.0 = Release|ARM
		{1AACC96D-D50D-43FA-BD88-08B8608866A7}.Release|ARM.Deploy.0 = Release|ARM
		{1AACC96D-D50D-43FA-BD88-08B8608866A7}.Release|iPhone.ActiveCfg = Release|x86
		{1AACC96D-D50D-43FA-BD88-08B8608866A7}.Release|iPhone.Build.0 = Release|x86
		{1AACC96D-D50D-43FA-BD88-08B8608866A7}.Release|iPhone.Deploy.0 = Release|x86
		{1AACC96D-D50D-43FA-BD88-08B8608866A7}.Release|iPhoneSimulator.ActiveCfg = Release|x86
		{1AACC96D-D50D-43FA-BD88-08B8608866A7}.Release|iPhoneSimulator.Build.0 = Release|x86
		{1AACC96D-D50D-43FA-BD88-08B8608866A7}.Release|iPhoneSimulator.Deploy.0 = Release|x86
		{1AACC96D-D50D-43FA-BD88-08B8608866A7}.Release|x64.ActiveCfg = Release|x64
		{1AACC96D-D50D-43FA-BD88-08B8608866A7}.Release|x64.Build.0 = Release|x64
		{1AACC96D-D50D-43FA-BD88-08B8608866A7}.Release|x64.Deploy.0 = Release|x64
		{1AACC96D-D50D-43FA-BD88-08B8608866A7}.Release|x86.ActiveCfg = Release|x86
		{1AACC96D-D50D-43FA-BD88-08B8608866A7}.Release|x86.Build.0 = Release|x86
		{1AACC96D-D50D-43FA-BD88-08B8608866A7}.Release|x86.Deploy.0 = Release|x86
		{1AEA98E2-C604-4586-9456-F6E457653FD1}.Debug|Any CPU.ActiveCfg = Debug|Any CPU
		{1AEA98E2-C604-4586-9456-F6E457653FD1}.Debug|Any CPU.Build.0 = Debug|Any CPU
		{1AEA98E2-C604-4586-9456-F6E457653FD1}.Debug|Any CPU.Deploy.0 = Debug|Any CPU
		{1AEA98E2-C604-4586-9456-F6E457653FD1}.Debug|ARM.ActiveCfg = Debug|Any CPU
		{1AEA98E2-C604-4586-9456-F6E457653FD1}.Debug|ARM.Build.0 = Debug|Any CPU
		{1AEA98E2-C604-4586-9456-F6E457653FD1}.Debug|ARM.Deploy.0 = Debug|Any CPU
		{1AEA98E2-C604-4586-9456-F6E457653FD1}.Debug|iPhone.ActiveCfg = Debug|Any CPU
		{1AEA98E2-C604-4586-9456-F6E457653FD1}.Debug|iPhone.Build.0 = Debug|Any CPU
		{1AEA98E2-C604-4586-9456-F6E457653FD1}.Debug|iPhone.Deploy.0 = Debug|Any CPU
		{1AEA98E2-C604-4586-9456-F6E457653FD1}.Debug|iPhoneSimulator.ActiveCfg = Debug|Any CPU
		{1AEA98E2-C604-4586-9456-F6E457653FD1}.Debug|iPhoneSimulator.Build.0 = Debug|Any CPU
		{1AEA98E2-C604-4586-9456-F6E457653FD1}.Debug|iPhoneSimulator.Deploy.0 = Debug|Any CPU
		{1AEA98E2-C604-4586-9456-F6E457653FD1}.Debug|x64.ActiveCfg = Debug|Any CPU
		{1AEA98E2-C604-4586-9456-F6E457653FD1}.Debug|x64.Build.0 = Debug|Any CPU
		{1AEA98E2-C604-4586-9456-F6E457653FD1}.Debug|x64.Deploy.0 = Debug|Any CPU
		{1AEA98E2-C604-4586-9456-F6E457653FD1}.Debug|x86.ActiveCfg = Debug|Any CPU
		{1AEA98E2-C604-4586-9456-F6E457653FD1}.Debug|x86.Build.0 = Debug|Any CPU
		{1AEA98E2-C604-4586-9456-F6E457653FD1}.Debug|x86.Deploy.0 = Debug|Any CPU
		{1AEA98E2-C604-4586-9456-F6E457653FD1}.Release|Any CPU.ActiveCfg = Release|Any CPU
		{1AEA98E2-C604-4586-9456-F6E457653FD1}.Release|Any CPU.Build.0 = Release|Any CPU
		{1AEA98E2-C604-4586-9456-F6E457653FD1}.Release|Any CPU.Deploy.0 = Release|Any CPU
		{1AEA98E2-C604-4586-9456-F6E457653FD1}.Release|ARM.ActiveCfg = Release|Any CPU
		{1AEA98E2-C604-4586-9456-F6E457653FD1}.Release|ARM.Build.0 = Release|Any CPU
		{1AEA98E2-C604-4586-9456-F6E457653FD1}.Release|ARM.Deploy.0 = Release|Any CPU
		{1AEA98E2-C604-4586-9456-F6E457653FD1}.Release|iPhone.ActiveCfg = Release|Any CPU
		{1AEA98E2-C604-4586-9456-F6E457653FD1}.Release|iPhone.Build.0 = Release|Any CPU
		{1AEA98E2-C604-4586-9456-F6E457653FD1}.Release|iPhone.Deploy.0 = Release|Any CPU
		{1AEA98E2-C604-4586-9456-F6E457653FD1}.Release|iPhoneSimulator.ActiveCfg = Release|Any CPU
		{1AEA98E2-C604-4586-9456-F6E457653FD1}.Release|iPhoneSimulator.Build.0 = Release|Any CPU
		{1AEA98E2-C604-4586-9456-F6E457653FD1}.Release|iPhoneSimulator.Deploy.0 = Release|Any CPU
		{1AEA98E2-C604-4586-9456-F6E457653FD1}.Release|x64.ActiveCfg = Release|Any CPU
		{1AEA98E2-C604-4586-9456-F6E457653FD1}.Release|x64.Build.0 = Release|Any CPU
		{1AEA98E2-C604-4586-9456-F6E457653FD1}.Release|x64.Deploy.0 = Release|Any CPU
		{1AEA98E2-C604-4586-9456-F6E457653FD1}.Release|x86.ActiveCfg = Release|Any CPU
		{1AEA98E2-C604-4586-9456-F6E457653FD1}.Release|x86.Build.0 = Release|Any CPU
		{1AEA98E2-C604-4586-9456-F6E457653FD1}.Release|x86.Deploy.0 = Release|Any CPU
		{E3C8B3A3-CCDE-4D14-8BD0-4B1B73F029D5}.Debug|Any CPU.ActiveCfg = Debug|iPhone
		{E3C8B3A3-CCDE-4D14-8BD0-4B1B73F029D5}.Debug|Any CPU.Build.0 = Debug|iPhone
		{E3C8B3A3-CCDE-4D14-8BD0-4B1B73F029D5}.Debug|Any CPU.Deploy.0 = Debug|iPhone
		{E3C8B3A3-CCDE-4D14-8BD0-4B1B73F029D5}.Debug|ARM.ActiveCfg = Debug|iPhoneSimulator
		{E3C8B3A3-CCDE-4D14-8BD0-4B1B73F029D5}.Debug|ARM.Build.0 = Debug|iPhoneSimulator
		{E3C8B3A3-CCDE-4D14-8BD0-4B1B73F029D5}.Debug|ARM.Deploy.0 = Debug|iPhoneSimulator
		{E3C8B3A3-CCDE-4D14-8BD0-4B1B73F029D5}.Debug|iPhone.ActiveCfg = Debug|iPhone
		{E3C8B3A3-CCDE-4D14-8BD0-4B1B73F029D5}.Debug|iPhone.Build.0 = Debug|iPhone
		{E3C8B3A3-CCDE-4D14-8BD0-4B1B73F029D5}.Debug|iPhone.Deploy.0 = Debug|iPhone
		{E3C8B3A3-CCDE-4D14-8BD0-4B1B73F029D5}.Debug|iPhoneSimulator.ActiveCfg = Debug|iPhoneSimulator
		{E3C8B3A3-CCDE-4D14-8BD0-4B1B73F029D5}.Debug|iPhoneSimulator.Build.0 = Debug|iPhoneSimulator
		{E3C8B3A3-CCDE-4D14-8BD0-4B1B73F029D5}.Debug|iPhoneSimulator.Deploy.0 = Debug|iPhoneSimulator
		{E3C8B3A3-CCDE-4D14-8BD0-4B1B73F029D5}.Debug|x64.ActiveCfg = Debug|iPhone
		{E3C8B3A3-CCDE-4D14-8BD0-4B1B73F029D5}.Debug|x64.Build.0 = Debug|iPhone
		{E3C8B3A3-CCDE-4D14-8BD0-4B1B73F029D5}.Debug|x64.Deploy.0 = Debug|iPhone
		{E3C8B3A3-CCDE-4D14-8BD0-4B1B73F029D5}.Debug|x86.ActiveCfg = Debug|iPhone
		{E3C8B3A3-CCDE-4D14-8BD0-4B1B73F029D5}.Debug|x86.Build.0 = Debug|iPhone
		{E3C8B3A3-CCDE-4D14-8BD0-4B1B73F029D5}.Debug|x86.Deploy.0 = Debug|iPhone
		{E3C8B3A3-CCDE-4D14-8BD0-4B1B73F029D5}.Release|Any CPU.ActiveCfg = Release|iPhone
		{E3C8B3A3-CCDE-4D14-8BD0-4B1B73F029D5}.Release|Any CPU.Build.0 = Release|iPhone
		{E3C8B3A3-CCDE-4D14-8BD0-4B1B73F029D5}.Release|Any CPU.Deploy.0 = Release|iPhone
		{E3C8B3A3-CCDE-4D14-8BD0-4B1B73F029D5}.Release|ARM.ActiveCfg = Release|iPhone
		{E3C8B3A3-CCDE-4D14-8BD0-4B1B73F029D5}.Release|ARM.Build.0 = Release|iPhone
		{E3C8B3A3-CCDE-4D14-8BD0-4B1B73F029D5}.Release|ARM.Deploy.0 = Release|iPhone
		{E3C8B3A3-CCDE-4D14-8BD0-4B1B73F029D5}.Release|iPhone.ActiveCfg = Release|iPhone
		{E3C8B3A3-CCDE-4D14-8BD0-4B1B73F029D5}.Release|iPhone.Build.0 = Release|iPhone
		{E3C8B3A3-CCDE-4D14-8BD0-4B1B73F029D5}.Release|iPhone.Deploy.0 = Release|iPhone
		{E3C8B3A3-CCDE-4D14-8BD0-4B1B73F029D5}.Release|iPhoneSimulator.ActiveCfg = Release|iPhoneSimulator
		{E3C8B3A3-CCDE-4D14-8BD0-4B1B73F029D5}.Release|iPhoneSimulator.Build.0 = Release|iPhoneSimulator
		{E3C8B3A3-CCDE-4D14-8BD0-4B1B73F029D5}.Release|iPhoneSimulator.Deploy.0 = Release|iPhoneSimulator
		{E3C8B3A3-CCDE-4D14-8BD0-4B1B73F029D5}.Release|x64.ActiveCfg = Release|iPhone
		{E3C8B3A3-CCDE-4D14-8BD0-4B1B73F029D5}.Release|x64.Build.0 = Release|iPhone
		{E3C8B3A3-CCDE-4D14-8BD0-4B1B73F029D5}.Release|x64.Deploy.0 = Release|iPhone
		{E3C8B3A3-CCDE-4D14-8BD0-4B1B73F029D5}.Release|x86.ActiveCfg = Release|iPhone
		{E3C8B3A3-CCDE-4D14-8BD0-4B1B73F029D5}.Release|x86.Build.0 = Release|iPhone
		{E3C8B3A3-CCDE-4D14-8BD0-4B1B73F029D5}.Release|x86.Deploy.0 = Release|iPhone
		{D12EECF9-5250-4573-B45B-0CCE79369B9A}.Debug|Any CPU.ActiveCfg = Debug|Any CPU
		{D12EECF9-5250-4573-B45B-0CCE79369B9A}.Debug|Any CPU.Build.0 = Debug|Any CPU
		{D12EECF9-5250-4573-B45B-0CCE79369B9A}.Debug|Any CPU.Deploy.0 = Debug|Any CPU
		{D12EECF9-5250-4573-B45B-0CCE79369B9A}.Debug|ARM.ActiveCfg = Debug|Any CPU
		{D12EECF9-5250-4573-B45B-0CCE79369B9A}.Debug|ARM.Build.0 = Debug|Any CPU
		{D12EECF9-5250-4573-B45B-0CCE79369B9A}.Debug|ARM.Deploy.0 = Debug|Any CPU
		{D12EECF9-5250-4573-B45B-0CCE79369B9A}.Debug|iPhone.ActiveCfg = Debug|Any CPU
		{D12EECF9-5250-4573-B45B-0CCE79369B9A}.Debug|iPhone.Build.0 = Debug|Any CPU
		{D12EECF9-5250-4573-B45B-0CCE79369B9A}.Debug|iPhone.Deploy.0 = Debug|Any CPU
		{D12EECF9-5250-4573-B45B-0CCE79369B9A}.Debug|iPhoneSimulator.ActiveCfg = Debug|Any CPU
		{D12EECF9-5250-4573-B45B-0CCE79369B9A}.Debug|iPhoneSimulator.Build.0 = Debug|Any CPU
		{D12EECF9-5250-4573-B45B-0CCE79369B9A}.Debug|iPhoneSimulator.Deploy.0 = Debug|Any CPU
		{D12EECF9-5250-4573-B45B-0CCE79369B9A}.Debug|x64.ActiveCfg = Debug|Any CPU
		{D12EECF9-5250-4573-B45B-0CCE79369B9A}.Debug|x64.Build.0 = Debug|Any CPU
		{D12EECF9-5250-4573-B45B-0CCE79369B9A}.Debug|x64.Deploy.0 = Debug|Any CPU
		{D12EECF9-5250-4573-B45B-0CCE79369B9A}.Debug|x86.ActiveCfg = Debug|Any CPU
		{D12EECF9-5250-4573-B45B-0CCE79369B9A}.Debug|x86.Build.0 = Debug|Any CPU
		{D12EECF9-5250-4573-B45B-0CCE79369B9A}.Debug|x86.Deploy.0 = Debug|Any CPU
		{D12EECF9-5250-4573-B45B-0CCE79369B9A}.Release|Any CPU.ActiveCfg = Release|Any CPU
		{D12EECF9-5250-4573-B45B-0CCE79369B9A}.Release|Any CPU.Build.0 = Release|Any CPU
		{D12EECF9-5250-4573-B45B-0CCE79369B9A}.Release|Any CPU.Deploy.0 = Release|Any CPU
		{D12EECF9-5250-4573-B45B-0CCE79369B9A}.Release|ARM.ActiveCfg = Release|Any CPU
		{D12EECF9-5250-4573-B45B-0CCE79369B9A}.Release|ARM.Build.0 = Release|Any CPU
		{D12EECF9-5250-4573-B45B-0CCE79369B9A}.Release|ARM.Deploy.0 = Release|Any CPU
		{D12EECF9-5250-4573-B45B-0CCE79369B9A}.Release|iPhone.ActiveCfg = Release|Any CPU
		{D12EECF9-5250-4573-B45B-0CCE79369B9A}.Release|iPhone.Build.0 = Release|Any CPU
		{D12EECF9-5250-4573-B45B-0CCE79369B9A}.Release|iPhone.Deploy.0 = Release|Any CPU
		{D12EECF9-5250-4573-B45B-0CCE79369B9A}.Release|iPhoneSimulator.ActiveCfg = Release|Any CPU
		{D12EECF9-5250-4573-B45B-0CCE79369B9A}.Release|iPhoneSimulator.Build.0 = Release|Any CPU
		{D12EECF9-5250-4573-B45B-0CCE79369B9A}.Release|iPhoneSimulator.Deploy.0 = Release|Any CPU
		{D12EECF9-5250-4573-B45B-0CCE79369B9A}.Release|x64.ActiveCfg = Release|Any CPU
		{D12EECF9-5250-4573-B45B-0CCE79369B9A}.Release|x64.Build.0 = Release|Any CPU
		{D12EECF9-5250-4573-B45B-0CCE79369B9A}.Release|x64.Deploy.0 = Release|Any CPU
		{D12EECF9-5250-4573-B45B-0CCE79369B9A}.Release|x86.ActiveCfg = Release|Any CPU
		{D12EECF9-5250-4573-B45B-0CCE79369B9A}.Release|x86.Build.0 = Release|Any CPU
		{D12EECF9-5250-4573-B45B-0CCE79369B9A}.Release|x86.Deploy.0 = Release|Any CPU
	EndGlobalSection
	GlobalSection(SolutionProperties) = preSolution
		HideSolutionNode = FALSE
	EndGlobalSection
	GlobalSection(ExtensibilityGlobals) = postSolution
		SolutionGuid = {BA04BE83-3C00-4878-BA73-3C1389B12CDD}
	EndGlobalSection
EndGlobal
